schema: '2.0'
stages:
  prepare:
    cmd: echo "Verificando que los datos existen..."
    deps:
    - path: data/iris_dataset.csv
      hash: md5
      md5: 3a46a743fe8829a55caf68020a6f8702
      size: 2798
  train:
    cmd: python train.py --n_estimators 400
    deps:
    - path: data/iris_dataset.csv
      hash: md5
      md5: 3a46a743fe8829a55caf68020a6f8702
      size: 2798
    - path: requirements.txt
      hash: md5
      md5: 890a1e88a311925c233cb26c74cd3260
      size: 2479
    - path: train.py
      hash: md5
      md5: 630034c8475099d596dd582d64d99467
      size: 2898
    params:
      params.yaml:
        train.n_estimators: 400
    outs:
    - path: confusion_matrix.png
      hash: md5
      md5: 0b275eccfc974dd59c9863a7c91f2804
      size: 20802
    - path: mlflow_metrics.json
      hash: md5
      md5: c23a4b845cfcb729bc77225aaa6b5134
      size: 32
    - path: model.pkl
      hash: md5
      md5: 873020d1844e7b1a46fbbac0c33ca670
      size: 751553
